
Microsoft Visual Studio Solution File, Format Version 12.00
# Visual Studio Version 17
VisualStudioVersion = 17.13.35825.156 d17.13
MinimumVisualStudioVersion = 10.0.40219.1
Project("{8BC9CEB8-8B4A-11D0-8D11-00A0C91BC942}") = "Client", "Client\Client.vcxproj", "{B4804686-79ED-4F33-9B18-7CBACE21CC53}"
EndProject
Project("{8BC9CEB8-8B4A-11D0-8D11-00A0C91BC942}") = "Server", "Server\Server.vcxproj", "{093EB0A9-A752-4E82-9153-25B09A7C7142}"
EndProject
Global
	GlobalSection(SolutionConfigurationPlatforms) = preSolution
		Debug|x64 = Debug|x64
		Debug|x86 = Debug|x86
		Release|x64 = Release|x64
		Release|x86 = Release|x86
	EndGlobalSection
	GlobalSection(ProjectConfigurationPlatforms) = postSolution
		{B4804686-79ED-4F33-9B18-7CBACE21CC53}.Debug|x64.ActiveCfg = Debug|x64
		{B4804686-79ED-4F33-9B18-7CBACE21CC53}.Debug|x64.Build.0 = Debug|x64
		{B4804686-79ED-4F33-9B18-7CBACE21CC53}.Debug|x86.ActiveCfg = Debug|Win32
		{B4804686-79ED-4F33-9B18-7CBACE21CC53}.Debug|x86.Build.0 = Debug|Win32
		{B4804686-79ED-4F33-9B18-7CBACE21CC53}.Release|x64.ActiveCfg = Release|x64
		{B4804686-79ED-4F33-9B18-7CBACE21CC53}.Release|x64.Build.0 = Release|x64
		{B4804686-79ED-4F33-9B18-7CBACE21CC53}.Release|x86.ActiveCfg = Release|Win32
		{B4804686-79ED-4F33-9B18-7CBACE21CC53}.Release|x86.Build.0 = Release|Win32
		{093EB0A9-A752-4E82-9153-25B09A7C7142}.Debug|x64.ActiveCfg = Debug|x64
		{093EB0A9-A752-4E82-9153-25B09A7C7142}.Debug|x64.Build.0 = Debug|x64
		{093EB0A9-A752-4E82-9153-25B09A7C7142}.Debug|x86.ActiveCfg = Debug|Win32
		{093EB0A9-A752-4E82-9153-25B09A7C7142}.Debug|x86.Build.0 = Debug|Win32
		{093EB0A9-A752-4E82-9153-25B09A7C7142}.Release|x64.ActiveCfg = Release|x64
		{093EB0A9-A752-4E82-9153-25B09A7C7142}.Release|x64.Build.0 = Release|x64
		{093EB0A9-A752-4E82-9153-25B09A7C7142}.Release|x86.ActiveCfg = Release|Win32
		{093EB0A9-A752-4E82-9153-25B09A7C7142}.Release|x86.Build.0 = Release|Win32
	EndGlobalSection
	GlobalSection(SolutionProperties) = preSolution
		HideSolutionNode = FALSE
	EndGlobalSection
	GlobalSection(ExtensibilityGlobals) = postSolution
		SolutionGuid = {403D0260-E9A5-4AEB-B4DF-D7B802B381FD}
	EndGlobalSection
EndGlobal
